
Microsoft Visual Studio Solution File, Format Version 12.00
# Visual Studio 15
VisualStudioVersion = 15.0.26124.0
MinimumVisualStudioVersion = 15.0.26124.0
Project("{FAE04EC0-301F-11D3-BF4B-00C04F79EFBC}") = "calculos", "calculos\calculos.csproj", "{3490266F-37BD-4F36-8C15-E8041C9D5289}"
EndProject
Project("{FAE04EC0-301F-11D3-BF4B-00C04F79EFBC}") = "calculos.tests", "calculos.tests\calculos.tests.csproj", "{0833A771-81A1-4A3A-B69B-E0093E5CF7D7}"
EndProject
Global
	GlobalSection(SolutionConfigurationPlatforms) = preSolution
		Debug|Any CPU = Debug|Any CPU
		Debug|x64 = Debug|x64
		Debug|x86 = Debug|x86
		Release|Any CPU = Release|Any CPU
		Release|x64 = Release|x64
		Release|x86 = Release|x86
	EndGlobalSection
	GlobalSection(SolutionProperties) = preSolution
		HideSolutionNode = FALSE
	EndGlobalSection
	GlobalSection(ProjectConfigurationPlatforms) = postSolution
		{3490266F-37BD-4F36-8C15-E8041C9D5289}.Debug|Any CPU.ActiveCfg = Debug|Any CPU
		{3490266F-37BD-4F36-8C15-E8041C9D5289}.Debug|Any CPU.Build.0 = Debug|Any CPU
		{3490266F-37BD-4F36-8C15-E8041C9D5289}.Debug|x64.ActiveCfg = Debug|Any CPU
		{3490266F-37BD-4F36-8C15-E8041C9D5289}.Debug|x64.Build.0 = Debug|Any CPU
		{3490266F-37BD-4F36-8C15-E8041C9D5289}.Debug|x86.ActiveCfg = Debug|Any CPU
		{3490266F-37BD-4F36-8C15-E8041C9D5289}.Debug|x86.Build.0 = Debug|Any CPU
		{3490266F-37BD-4F36-8C15-E8041C9D5289}.Release|Any CPU.ActiveCfg = Release|Any CPU
		{3490266F-37BD-4F36-8C15-E8041C9D5289}.Release|Any CPU.Build.0 = Release|Any CPU
		{3490266F-37BD-4F36-8C15-E8041C9D5289}.Release|x64.ActiveCfg = Release|Any CPU
		{3490266F-37BD-4F36-8C15-E8041C9D5289}.Release|x64.Build.0 = Release|Any CPU
		{3490266F-37BD-4F36-8C15-E8041C9D5289}.Release|x86.ActiveCfg = Release|Any CPU
		{3490266F-37BD-4F36-8C15-E8041C9D5289}.Release|x86.Build.0 = Release|Any CPU
		{0833A771-81A1-4A3A-B69B-E0093E5CF7D7}.Debug|Any CPU.ActiveCfg = Debug|Any CPU
		{0833A771-81A1-4A3A-B69B-E0093E5CF7D7}.Debug|Any CPU.Build.0 = Debug|Any CPU
		{0833A771-81A1-4A3A-B69B-E0093E5CF7D7}.Debug|x64.ActiveCfg = Debug|Any CPU
		{0833A771-81A1-4A3A-B69B-E0093E5CF7D7}.Debug|x64.Build.0 = Debug|Any CPU
		{0833A771-81A1-4A3A-B69B-E0093E5CF7D7}.Debug|x86.ActiveCfg = Debug|Any CPU
		{0833A771-81A1-4A3A-B69B-E0093E5CF7D7}.Debug|x86.Build.0 = Debug|Any CPU
		{0833A771-81A1-4A3A-B69B-E0093E5CF7D7}.Release|Any CPU.ActiveCfg = Release|Any CPU
		{0833A771-81A1-4A3A-B69B-E0093E5CF7D7}.Release|Any CPU.Build.0 = Release|Any CPU
		{0833A771-81A1-4A3A-B69B-E0093E5CF7D7}.Release|x64.ActiveCfg = Release|Any CPU
		{0833A771-81A1-4A3A-B69B-E0093E5CF7D7}.Release|x64.Build.0 = Release|Any CPU
		{0833A771-81A1-4A3A-B69B-E0093E5CF7D7}.Release|x86.ActiveCfg = Release|Any CPU
		{0833A771-81A1-4A3A-B69B-E0093E5CF7D7}.Release|x86.Build.0 = Release|Any CPU
	EndGlobalSection
EndGlobal
